// !$*UTF8*$!
{
	archiveVersion = 1;
	classes = {
	};
	objectVersion = 50;
	objects = {

/* Begin PBXBuildFile section */
		4B3192A2277311C900376EFE /* Animation.swift in Sources */ = {isa = PBXBuildFile; fileRef = 4B3192A1277311C900376EFE /* Animation.swift */; };
		4B3192A827732E3400376EFE /* ViewController+AlertController.swift in Sources */ = {isa = PBXBuildFile; fileRef = 4B3192A727732E3400376EFE /* ViewController+AlertController.swift */; };
		4B3192AA2773478F00376EFE /* UITableView+MessageOnEmpty.swift in Sources */ = {isa = PBXBuildFile; fileRef = 4B3192A92773478F00376EFE /* UITableView+MessageOnEmpty.swift */; };
		4B7AA3962771E5A9007D1708 /* AppDelegate.swift in Sources */ = {isa = PBXBuildFile; fileRef = 4B7AA3952771E5A9007D1708 /* AppDelegate.swift */; };
		4B7AA3982771E5A9007D1708 /* SceneDelegate.swift in Sources */ = {isa = PBXBuildFile; fileRef = 4B7AA3972771E5A9007D1708 /* SceneDelegate.swift */; };
		4B7AA39A2771E5A9007D1708 /* ViewController.swift in Sources */ = {isa = PBXBuildFile; fileRef = 4B7AA3992771E5A9007D1708 /* ViewController.swift */; };
		4B7AA39D2771E5A9007D1708 /* Main.storyboard in Resources */ = {isa = PBXBuildFile; fileRef = 4B7AA39B2771E5A9007D1708 /* Main.storyboard */; };
		4B7AA39F2771E5A9007D1708 /* Assets.xcassets in Resources */ = {isa = PBXBuildFile; fileRef = 4B7AA39E2771E5A9007D1708 /* Assets.xcassets */; };
		4B7AA3A22771E5A9007D1708 /* LaunchScreen.storyboard in Resources */ = {isa = PBXBuildFile; fileRef = 4B7AA3A02771E5A9007D1708 /* LaunchScreen.storyboard */; };
		4B7AA3AB2771F88B007D1708 /* TableViewCell.swift in Sources */ = {isa = PBXBuildFile; fileRef = 4B7AA3A92771F88B007D1708 /* TableViewCell.swift */; };
		4B7AA3AC2771F88B007D1708 /* TableViewCell.xib in Resources */ = {isa = PBXBuildFile; fileRef = 4B7AA3AA2771F88B007D1708 /* TableViewCell.xib */; };
		4B7AA3AE2771FFC3007D1708 /* ViewController+UITableView.swift in Sources */ = {isa = PBXBuildFile; fileRef = 4B7AA3AD2771FFC3007D1708 /* ViewController+UITableView.swift */; };
		4B7AA3B027720354007D1708 /* ViewController+ShuffleAnimation.swift in Sources */ = {isa = PBXBuildFile; fileRef = 4B7AA3AF27720354007D1708 /* ViewController+ShuffleAnimation.swift */; };
		4B7AA3B42772047F007D1708 /* Animator.swift in Sources */ = {isa = PBXBuildFile; fileRef = 4B7AA3B32772047F007D1708 /* Animator.swift */; };
/* End PBXBuildFile section */

/* Begin PBXFileReference section */
		4B3192A1277311C900376EFE /* Animation.swift */ = {isa = PBXFileReference; lastKnownFileType = sourcecode.swift; path = Animation.swift; sourceTree = "<group>"; };
		4B3192A727732E3400376EFE /* ViewController+AlertController.swift */ = {isa = PBXFileReference; lastKnownFileType = sourcecode.swift; path = "ViewController+AlertController.swift"; sourceTree = "<group>"; };
		4B3192A92773478F00376EFE /* UITableView+MessageOnEmpty.swift */ = {isa = PBXFileReference; lastKnownFileType = sourcecode.swift; path = "UITableView+MessageOnEmpty.swift"; sourceTree = "<group>"; };
		4B7AA3922771E5A9007D1708 /* TableViewApp.app */ = {isa = PBXFileReference; explicitFileType = wrapper.application; includeInIndex = 0; path = TableViewApp.app; sourceTree = BUILT_PRODUCTS_DIR; };
		4B7AA3952771E5A9007D1708 /* AppDelegate.swift */ = {isa = PBXFileReference; lastKnownFileType = sourcecode.swift; path = AppDelegate.swift; sourceTree = "<group>"; };
		4B7AA3972771E5A9007D1708 /* SceneDelegate.swift */ = {isa = PBXFileReference; lastKnownFileType = sourcecode.swift; path = SceneDelegate.swift; sourceTree = "<group>"; };
		4B7AA3992771E5A9007D1708 /* ViewController.swift */ = {isa = PBXFileReference; lastKnownFileType = sourcecode.swift; path = ViewController.swift; sourceTree = "<group>"; };
		4B7AA39C2771E5A9007D1708 /* Base */ = {isa = PBXFileReference; lastKnownFileType = file.storyboard; name = Base; path = Base.lproj/Main.storyboard; sourceTree = "<group>"; };
		4B7AA39E2771E5A9007D1708 /* Assets.xcassets */ = {isa = PBXFileReference; lastKnownFileType = folder.assetcatalog; path = Assets.xcassets; sourceTree = "<group>"; };
		4B7AA3A12771E5A9007D1708 /* Base */ = {isa = PBXFileReference; lastKnownFileType = file.storyboard; name = Base; path = Base.lproj/LaunchScreen.storyboard; sourceTree = "<group>"; };
		4B7AA3A32771E5A9007D1708 /* Info.plist */ = {isa = PBXFileReference; lastKnownFileType = text.plist.xml; path = Info.plist; sourceTree = "<group>"; };
		4B7AA3A92771F88B007D1708 /* TableViewCell.swift */ = {isa = PBXFileReference; lastKnownFileType = sourcecode.swift; path = TableViewCell.swift; sourceTree = "<group>"; };
		4B7AA3AA2771F88B007D1708 /* TableViewCell.xib */ = {isa = PBXFileReference; lastKnownFileType = file.xib; path = TableViewCell.xib; sourceTree = "<group>"; };
		4B7AA3AD2771FFC3007D1708 /* ViewController+UITableView.swift */ = {isa = PBXFileReference; lastKnownFileType = sourcecode.swift; path = "ViewController+UITableView.swift"; sourceTree = "<group>"; };
		4B7AA3AF27720354007D1708 /* ViewController+ShuffleAnimation.swift */ = {isa = PBXFileReference; lastKnownFileType = sourcecode.swift; path = "ViewController+ShuffleAnimation.swift"; sourceTree = "<group>"; };
		4B7AA3B32772047F007D1708 /* Animator.swift */ = {isa = PBXFileReference; lastKnownFileType = sourcecode.swift; path = Animator.swift; sourceTree = "<group>"; };
/* End PBXFileReference section */

/* Begin PBXFrameworksBuildPhase section */
		4B7AA38F2771E5A9007D1708 /* Frameworks */ = {
			isa = PBXFrameworksBuildPhase;
			buildActionMask = 2147483647;
			files = (
			);
			runOnlyForDeploymentPostprocessing = 0;
		};
/* End PBXFrameworksBuildPhase section */

/* Begin PBXGroup section */
		4B7AA3892771E5A9007D1708 = {
			isa = PBXGroup;
			children = (
				4B7AA3942771E5A9007D1708 /* TableViewApp */,
				4B7AA3932771E5A9007D1708 /* Products */,
			);
			sourceTree = "<group>";
		};
		4B7AA3932771E5A9007D1708 /* Products */ = {
			isa = PBXGroup;
			children = (
				4B7AA3922771E5A9007D1708 /* TableViewApp.app */,
			);
			name = Products;
			sourceTree = "<group>";
		};
		4B7AA3942771E5A9007D1708 /* TableViewApp */ = {
			isa = PBXGroup;
			children = (
				4B7AA3952771E5A9007D1708 /* AppDelegate.swift */,
				4B7AA3972771E5A9007D1708 /* SceneDelegate.swift */,
				4B7AA3992771E5A9007D1708 /* ViewController.swift */,
				4B7AA3B62772087E007D1708 /* Animation */,
				4B7AA3B52772086D007D1708 /* Extensions */,
				4B7AA3B72772088E007D1708 /* TableCell */,
				4B7AA39B2771E5A9007D1708 /* Main.storyboard */,
				4B7AA39E2771E5A9007D1708 /* Assets.xcassets */,
				4B7AA3A02771E5A9007D1708 /* LaunchScreen.storyboard */,
				4B7AA3A32771E5A9007D1708 /* Info.plist */,
			);
			path = TableViewApp;
			sourceTree = "<group>";
		};
		4B7AA3B52772086D007D1708 /* Extensions */ = {
			isa = PBXGroup;
			children = (
				4B7AA3AF27720354007D1708 /* ViewController+ShuffleAnimation.swift */,
				4B3192A92773478F00376EFE /* UITableView+MessageOnEmpty.swift */,
				4B7AA3AD2771FFC3007D1708 /* ViewController+UITableView.swift */,
				4B3192A727732E3400376EFE /* ViewController+AlertController.swift */,
			);
			path = Extensions;
			sourceTree = "<group>";
		};
		4B7AA3B62772087E007D1708 /* Animation */ = {
			isa = PBXGroup;
			children = (
				4B7AA3B32772047F007D1708 /* Animator.swift */,
				4B3192A1277311C900376EFE /* Animation.swift */,
			);
			path = Animation;
			sourceTree = "<group>";
		};
		4B7AA3B72772088E007D1708 /* TableCell */ = {
			isa = PBXGroup;
			children = (
				4B7AA3AA2771F88B007D1708 /* TableViewCell.xib */,
				4B7AA3A92771F88B007D1708 /* TableViewCell.swift */,
			);
			path = TableCell;
			sourceTree = "<group>";
		};
/* End PBXGroup section */

/* Begin PBXNativeTarget section */
		4B7AA3912771E5A9007D1708 /* TableViewApp */ = {
			isa = PBXNativeTarget;
			buildConfigurationList = 4B7AA3A62771E5A9007D1708 /* Build configuration list for PBXNativeTarget "TableViewApp" */;
			buildPhases = (
				4B7AA38E2771E5A9007D1708 /* Sources */,
				4B7AA38F2771E5A9007D1708 /* Frameworks */,
				4B7AA3902771E5A9007D1708 /* Resources */,
			);
			buildRules = (
			);
			dependencies = (
			);
			name = TableViewApp;
			productName = TableViewApp;
			productReference = 4B7AA3922771E5A9007D1708 /* TableViewApp.app */;
			productType = "com.apple.product-type.application";
		};
/* End PBXNativeTarget section */

/* Begin PBXProject section */
		4B7AA38A2771E5A9007D1708 /* Project object */ = {
			isa = PBXProject;
			attributes = {
				LastSwiftUpdateCheck = 1250;
				LastUpgradeCheck = 1250;
				TargetAttributes = {
					4B7AA3912771E5A9007D1708 = {
						CreatedOnToolsVersion = 12.5.1;
					};
				};
			};
			buildConfigurationList = 4B7AA38D2771E5A9007D1708 /* Build configuration list for PBXProject "TableViewApp" */;
			compatibilityVersion = "Xcode 9.3";
			developmentRegion = en;
			hasScannedForEncodings = 0;
			knownRegions = (
				en,
				Base,
			);
			mainGroup = 4B7AA3892771E5A9007D1708;
			productRefGroup = 4B7AA3932771E5A9007D1708 /* Products */;
			projectDirPath = "";
			projectRoot = "";
			targets = (
				4B7AA3912771E5A9007D1708 /* TableViewApp */,
			);
		};
/* End PBXProject section */

/* Begin PBXResourcesBuildPhase section */
		4B7AA3902771E5A9007D1708 /* Resources */ = {
			isa = PBXResourcesBuildPhase;
			buildActionMask = 2147483647;
			files = (
				4B7AA3A22771E5A9007D1708 /* LaunchScreen.storyboard in Resources */,
				4B7AA3AC2771F88B007D1708 /* TableViewCell.xib in Resources */,
				4B7AA39F2771E5A9007D1708 /* Assets.xcassets in Resources */,
				4B7AA39D2771E5A9007D1708 /* Main.storyboard in Resources */,
			);
			runOnlyForDeploymentPostprocessing = 0;
		};
/* End PBXResourcesBuildPhase section */

/* Begin PBXSourcesBuildPhase section */
		4B7AA38E2771E5A9007D1708 /* Sources */ = {
			isa = PBXSourcesBuildPhase;
			buildActionMask = 2147483647;
			files = (
				4B7AA39A2771E5A9007D1708 /* ViewController.swift in Sources */,
				4B7AA3AB2771F88B007D1708 /* TableViewCell.swift in Sources */,
				4B3192A2277311C900376EFE /* Animation.swift in Sources */,
				4B3192A827732E3400376EFE /* ViewController+AlertController.swift in Sources */,
				4B7AA3962771E5A9007D1708 /* AppDelegate.swift in Sources */,
				4B7AA3B42772047F007D1708 /* Animator.swift in Sources */,
				4B3192AA2773478F00376EFE /* UITableView+MessageOnEmpty.swift in Sources */,
				4B7AA3B027720354007D1708 /* ViewController+ShuffleAnimation.swift in Sources */,
				4B7AA3AE2771FFC3007D1708 /* ViewController+UITableView.swift in Sources */,
				4B7AA3982771E5A9007D1708 /* SceneDelegate.swift in Sources */,
			);
			runOnlyForDeploymentPostprocessing = 0;
		};
/* End PBXSourcesBuildPhase section */

/* Begin PBXVariantGroup section */
		4B7AA39B2771E5A9007D1708 /* Main.storyboard */ = {
			isa = PBXVariantGroup;
			children = (
				4B7AA39C2771E5A9007D1708 /* Base */,
			);
			name = Main.storyboard;
			sourceTree = "<group>";
		};
		4B7AA3A02771E5A9007D1708 /* LaunchScreen.storyboard */ = {
			isa = PBXVariantGroup;
			children = (
				4B7AA3A12771E5A9007D1708 /* Base */,
			);
			name = LaunchScreen.storyboard;
			sourceTree = "<group>";
		};
/* End PBXVariantGroup section */

/* Begin XCBuildConfiguration section */
		4B7AA3A42771E5A9007D1708 /* Debug */ = {
			isa = XCBuildConfiguration;
			buildSettings = {
				ALWAYS_SEARCH_USER_PATHS = NO;
				CLANG_ANALYZER_NONNULL = YES;
				CLANG_ANALYZER_NUMBER_OBJECT_CONVERSION = YES_AGGRESSIVE;
				CLANG_CXX_LANGUAGE_STANDARD = "gnu++14";
				CLANG_CXX_LIBRARY = "libc++";
				CLANG_ENABLE_MODULES = YES;
				CLANG_ENABLE_OBJC_ARC = YES;
				CLANG_ENABLE_OBJC_WEAK = YES;
				CLANG_WARN_BLOCK_CAPTURE_AUTORELEASING = YES;
				CLANG_WARN_BOOL_CONVERSION = YES;
				CLANG_WARN_COMMA = YES;
				CLANG_WARN_CONSTANT_CONVERSION = YES;
				CLANG_WARN_DEPRECATED_OBJC_IMPLEMENTATIONS = YES;
				CLANG_WARN_DIRECT_OBJC_ISA_USAGE = YES_ERROR;
				CLANG_WARN_DOCUMENTATION_COMMENTS = YES;
				CLANG_WARN_EMPTY_BODY = YES;
				CLANG_WARN_ENUM_CONVERSION = YES;
				CLANG_WARN_INFINITE_RECURSION = YES;
				CLANG_WARN_INT_CONVERSION = YES;
				CLANG_WARN_NON_LITERAL_NULL_CONVERSION = YES;
				CLANG_WARN_OBJC_IMPLICIT_RETAIN_SELF = YES;
				CLANG_WARN_OBJC_LITERAL_CONVERSION = YES;
				CLANG_WARN_OBJC_ROOT_CLASS = YES_ERROR;
				CLANG_WARN_QUOTED_INCLUDE_IN_FRAMEWORK_HEADER = YES;
				CLANG_WARN_RANGE_LOOP_ANALYSIS = YES;
				CLANG_WARN_STRICT_PROTOTYPES = YES;
				CLANG_WARN_SUSPICIOUS_MOVE = YES;
				CLANG_WARN_UNGUARDED_AVAILABILITY = YES_AGGRESSIVE;
				CLANG_WARN_UNREACHABLE_CODE = YES;
				CLANG_WARN__DUPLICATE_METHOD_MATCH = YES;
				COPY_PHASE_STRIP = NO;
				DEBUG_INFORMATION_FORMAT = dwarf;
				ENABLE_STRICT_OBJC_MSGSEND = YES;
				ENABLE_TESTABILITY = YES;
				GCC_C_LANGUAGE_STANDARD = gnu11;
				GCC_DYNAMIC_NO_PIC = NO;
				GCC_NO_COMMON_BLOCKS = YES;
				GCC_OPTIMIZATION_LEVEL = 0;
				GCC_PREPROCESSOR_DEFINITIONS = (
					"DEBUG=1",
					"$(inherited)",
				);
				GCC_WARN_64_TO_32_BIT_CONVERSION = YES;
				GCC_WARN_ABOUT_RETURN_TYPE = YES_ERROR;
				GCC_WARN_UNDECLARED_SELECTOR = YES;
				GCC_WARN_UNINITIALIZED_AUTOS = YES_AGGRESSIVE;
				GCC_WARN_UNUSED_FUNCTION = YES;
				GCC_WARN_UNUSED_VARIABLE = YES;
				IPHONEOS_DEPLOYMENT_TARGET = 14.1;
				MTL_ENABLE_DEBUG_INFO = INCLUDE_SOURCE;
				MTL_FAST_MATH = YES;
				ONLY_ACTIVE_ARCH = YES;
				SDKROOT = iphoneos;
				SWIFT_ACTIVE_COMPILATION_CONDITIONS = DEBUG;
				SWIFT_OPTIMIZATION_LEVEL = "-Onone";
			};
			name = Debug;
		};
		4B7AA3A52771E5A9007D1708 /* Release */ = {
			isa = XCBuildConfiguration;
			buildSettings = {
				ALWAYS_SEARCH_USER_PATHS = NO;
				CLANG_ANALYZER_NONNULL = YES;
				CLANG_ANALYZER_NUMBER_OBJECT_CONVERSION = YES_AGGRESSIVE;
				CLANG_CXX_LANGUAGE_STANDARD = "gnu++14";
				CLANG_CXX_LIBRARY = "libc++";
				CLANG_ENABLE_MODULES = YES;
				CLANG_ENABLE_OBJC_ARC = YES;
				CLANG_ENABLE_OBJC_WEAK = YES;
				CLANG_WARN_BLOCK_CAPTURE_AUTORELEASING = YES;
				CLANG_WARN_BOOL_CONVERSION = YES;
				CLANG_WARN_COMMA = YES;
				CLANG_WARN_CONSTANT_CONVERSION = YES;
				CLANG_WARN_DEPRECATED_OBJC_IMPLEMENTATIONS = YES;
				CLANG_WARN_DIRECT_OBJC_ISA_USAGE = YES_ERROR;
				CLANG_WARN_DOCUMENTATION_COMMENTS = YES;
				CLANG_WARN_EMPTY_BODY = YES;
				CLANG_WARN_ENUM_CONVERSION = YES;
				CLANG_WARN_INFINITE_RECURSION = YES;
				CLANG_WARN_INT_CONVERSION = YES;
				CLANG_WARN_NON_LITERAL_NULL_CONVERSION = YES;
				CLANG_WARN_OBJC_IMPLICIT_RETAIN_SELF = YES;
				CLANG_WARN_OBJC_LITERAL_CONVERSION = YES;
				CLANG_WARN_OBJC_ROOT_CLASS = YES_ERROR;
				CLANG_WARN_QUOTED_INCLUDE_IN_FRAMEWORK_HEADER = YES;
				CLANG_WARN_RANGE_LOOP_ANALYSIS = YES;
				CLANG_WARN_STRICT_PROTOTYPES = YES;
				CLANG_WARN_SUSPICIOUS_MOVE = YES;
				CLANG_WARN_UNGUARDED_AVAILABILITY = YES_AGGRESSIVE;
				CLANG_WARN_UNREACHABLE_CODE = YES;
				CLANG_WARN__DUPLICATE_METHOD_MATCH = YES;
				COPY_PHASE_STRIP = NO;
				DEBUG_INFORMATION_FORMAT = "dwarf-with-dsym";
				ENABLE_NS_ASSERTIONS = NO;
				ENABLE_STRICT_OBJC_MSGSEND = YES;
				GCC_C_LANGUAGE_STANDARD = gnu11;
				GCC_NO_COMMON_BLOCKS = YES;
				GCC_WARN_64_TO_32_BIT_CONVERSION = YES;
				GCC_WARN_ABOUT_RETURN_TYPE = YES_ERROR;
				GCC_WARN_UNDECLARED_SELECTOR = YES;
				GCC_WARN_UNINITIALIZED_AUTOS = YES_AGGRESSIVE;
				GCC_WARN_UNUSED_FUNCTION = YES;
				GCC_WARN_UNUSED_VARIABLE = YES;
				IPHONEOS_DEPLOYMENT_TARGET = 14.1;
				MTL_ENABLE_DEBUG_INFO = NO;
				MTL_FAST_MATH = YES;
				SDKROOT = iphoneos;
				SWIFT_COMPILATION_MODE = wholemodule;
				SWIFT_OPTIMIZATION_LEVEL = "-O";
				VALIDATE_PRODUCT = YES;
			};
			name = Release;
		};
		4B7AA3A72771E5A9007D1708 /* Debug */ = {
			isa = XCBuildConfiguration;
			buildSettings = {
				ASSETCATALOG_COMPILER_APPICON_NAME = AppIcon;
				ASSETCATALOG_COMPILER_GLOBAL_ACCENT_COLOR_NAME = AccentColor;
				CODE_SIGN_STYLE = Automatic;
				DEVELOPMENT_TEAM = 5AFH4CNN88;
				INFOPLIST_FILE = TableViewApp/Info.plist;
				IPHONEOS_DEPLOYMENT_TARGET = 14.1;
				LD_RUNPATH_SEARCH_PATHS = (
					"$(inherited)",
					"@executable_path/Frameworks",
				);
				PRODUCT_BUNDLE_IDENTIFIER = dariavarabei.TableViewApp;
				PRODUCT_NAME = "$(TARGET_NAME)";
				SWIFT_VERSION = 5.0;
				TARGETED_DEVICE_FAMILY = "1,2";
			};
			name = Debug;
		};
		4B7AA3A82771E5A9007D1708 /* Release */ = {
			isa = XCBuildConfiguration;
			buildSettings = {
				ASSETCATALOG_COMPILER_APPICON_NAME = AppIcon;
				ASSETCATALOG_COMPILER_GLOBAL_ACCENT_COLOR_NAME = AccentColor;
				CODE_SIGN_STYLE = Automatic;
				DEVELOPMENT_TEAM = 5AFH4CNN88;
				INFOPLIST_FILE = TableViewApp/Info.plist;
				IPHONEOS_DEPLOYMENT_TARGET = 14.1;
				LD_RUNPATH_SEARCH_PATHS = (
					"$(inherited)",
					"@executable_path/Frameworks",
				);
				PRODUCT_BUNDLE_IDENTIFIER = dariavarabei.TableViewApp;
				PRODUCT_NAME = "$(TARGET_NAME)";
				SWIFT_VERSION = 5.0;
				TARGETED_DEVICE_FAMILY = "1,2";
			};
			name = Release;
		};
/* End XCBuildConfiguration section */

/* Begin XCConfigurationList section */
		4B7AA38D2771E5A9007D1708 /* Build configuration list for PBXProject "TableViewApp" */ = {
			isa = XCConfigurationList;
			buildConfigurations = (
				4B7AA3A42771E5A9007D1708 /* Debug */,
				4B7AA3A52771E5A9007D1708 /* Release */,
			);
			defaultConfigurationIsVisible = 0;
			defaultConfigurationName = Release;
		};
		4B7AA3A62771E5A9007D1708 /* Build configuration list for PBXNativeTarget "TableViewApp" */ = {
			isa = XCConfigurationList;
			buildConfigurations = (
				4B7AA3A72771E5A9007D1708 /* Debug */,
				4B7AA3A82771E5A9007D1708 /* Release */,
			);
			defaultConfigurationIsVisible = 0;
			defaultConfigurationName = Release;
		};
/* End XCConfigurationList section */
	};
	rootObject = 4B7AA38A2771E5A9007D1708 /* Project object */;
}
