// !$*UTF8*$!
{
	archiveVersion = 1;
	classes = {
	};
	objectVersion = 50;
	objects = {

/* Begin PBXBuildFile section */
		D58AB9E127A7D48700F67771 /* AppDelegate.swift in Sources */ = {isa = PBXBuildFile; fileRef = D58AB9E027A7D48700F67771 /* AppDelegate.swift */; };
		D58AB9E327A7D48700F67771 /* SceneDelegate.swift in Sources */ = {isa = PBXBuildFile; fileRef = D58AB9E227A7D48700F67771 /* SceneDelegate.swift */; };
		D58AB9E527A7D48700F67771 /* ViewController.swift in Sources */ = {isa = PBXBuildFile; fileRef = D58AB9E427A7D48700F67771 /* ViewController.swift */; };
		D58AB9E827A7D48700F67771 /* Main.storyboard in Resources */ = {isa = PBXBuildFile; fileRef = D58AB9E627A7D48700F67771 /* Main.storyboard */; };
		D58AB9EA27A7D48800F67771 /* Assets.xcassets in Resources */ = {isa = PBXBuildFile; fileRef = D58AB9E927A7D48800F67771 /* Assets.xcassets */; };
		D58AB9ED27A7D48800F67771 /* LaunchScreen.storyboard in Resources */ = {isa = PBXBuildFile; fileRef = D58AB9EB27A7D48800F67771 /* LaunchScreen.storyboard */; };
		D58AB9F827A7D52D00F67771 /* Model.xcdatamodeld in Sources */ = {isa = PBXBuildFile; fileRef = D58AB9F627A7D52D00F67771 /* Model.xcdatamodeld */; };
		D58AB9FC27A7E05300F67771 /* Exercise.swift in Sources */ = {isa = PBXBuildFile; fileRef = D58AB9FB27A7E05300F67771 /* Exercise.swift */; };
		D58ABA0027A7E08700F67771 /* Workout.swift in Sources */ = {isa = PBXBuildFile; fileRef = D58AB9FF27A7E08700F67771 /* Workout.swift */; };
		D58ABA0327A7E9D900F67771 /* WorkoutStack.swift in Sources */ = {isa = PBXBuildFile; fileRef = D58ABA0227A7E9D900F67771 /* WorkoutStack.swift */; };
		D58ABA0927A7EAFB00F67771 /* WorkoutCollectionViewCell.swift in Sources */ = {isa = PBXBuildFile; fileRef = D58ABA0727A7EAFB00F67771 /* WorkoutCollectionViewCell.swift */; };
		D58ABA0A27A7EAFB00F67771 /* WorkoutCollectionViewCell.xib in Resources */ = {isa = PBXBuildFile; fileRef = D58ABA0827A7EAFB00F67771 /* WorkoutCollectionViewCell.xib */; };
		D58ABA0E27A7F64A00F67771 /* AddWorkoutViewController.swift in Sources */ = {isa = PBXBuildFile; fileRef = D58ABA0D27A7F64A00F67771 /* AddWorkoutViewController.swift */; };
		D58ABA1527A7F84100F67771 /* TargetAreaCollectionViewCell.swift in Sources */ = {isa = PBXBuildFile; fileRef = D58ABA1327A7F84100F67771 /* TargetAreaCollectionViewCell.swift */; };
		D58ABA1627A7F84100F67771 /* TargetAreaCollectionViewCell.xib in Resources */ = {isa = PBXBuildFile; fileRef = D58ABA1427A7F84100F67771 /* TargetAreaCollectionViewCell.xib */; };
/* End PBXBuildFile section */

/* Begin PBXFileReference section */
		D58AB9DD27A7D48700F67771 /* Workouts.app */ = {isa = PBXFileReference; explicitFileType = wrapper.application; includeInIndex = 0; path = Workouts.app; sourceTree = BUILT_PRODUCTS_DIR; };
		D58AB9E027A7D48700F67771 /* AppDelegate.swift */ = {isa = PBXFileReference; lastKnownFileType = sourcecode.swift; path = AppDelegate.swift; sourceTree = "<group>"; };
		D58AB9E227A7D48700F67771 /* SceneDelegate.swift */ = {isa = PBXFileReference; lastKnownFileType = sourcecode.swift; path = SceneDelegate.swift; sourceTree = "<group>"; };
		D58AB9E427A7D48700F67771 /* ViewController.swift */ = {isa = PBXFileReference; lastKnownFileType = sourcecode.swift; path = ViewController.swift; sourceTree = "<group>"; };
		D58AB9E727A7D48700F67771 /* Base */ = {isa = PBXFileReference; lastKnownFileType = file.storyboard; name = Base; path = Base.lproj/Main.storyboard; sourceTree = "<group>"; };
		D58AB9E927A7D48800F67771 /* Assets.xcassets */ = {isa = PBXFileReference; lastKnownFileType = folder.assetcatalog; path = Assets.xcassets; sourceTree = "<group>"; };
		D58AB9EC27A7D48800F67771 /* Base */ = {isa = PBXFileReference; lastKnownFileType = file.storyboard; name = Base; path = Base.lproj/LaunchScreen.storyboard; sourceTree = "<group>"; };
		D58AB9EE27A7D48800F67771 /* Info.plist */ = {isa = PBXFileReference; lastKnownFileType = text.plist.xml; path = Info.plist; sourceTree = "<group>"; };
		D58AB9F727A7D52D00F67771 /* Model.xcdatamodel */ = {isa = PBXFileReference; lastKnownFileType = wrapper.xcdatamodel; path = Model.xcdatamodel; sourceTree = "<group>"; };
		D58AB9FB27A7E05300F67771 /* Exercise.swift */ = {isa = PBXFileReference; lastKnownFileType = sourcecode.swift; path = Exercise.swift; sourceTree = "<group>"; };
		D58AB9FF27A7E08700F67771 /* Workout.swift */ = {isa = PBXFileReference; lastKnownFileType = sourcecode.swift; path = Workout.swift; sourceTree = "<group>"; };
		D58ABA0227A7E9D900F67771 /* WorkoutStack.swift */ = {isa = PBXFileReference; lastKnownFileType = sourcecode.swift; path = WorkoutStack.swift; sourceTree = "<group>"; };
		D58ABA0727A7EAFB00F67771 /* WorkoutCollectionViewCell.swift */ = {isa = PBXFileReference; lastKnownFileType = sourcecode.swift; path = WorkoutCollectionViewCell.swift; sourceTree = "<group>"; };
		D58ABA0827A7EAFB00F67771 /* WorkoutCollectionViewCell.xib */ = {isa = PBXFileReference; lastKnownFileType = file.xib; path = WorkoutCollectionViewCell.xib; sourceTree = "<group>"; };
		D58ABA0D27A7F64A00F67771 /* AddWorkoutViewController.swift */ = {isa = PBXFileReference; lastKnownFileType = sourcecode.swift; path = AddWorkoutViewController.swift; sourceTree = "<group>"; };
		D58ABA1327A7F84100F67771 /* TargetAreaCollectionViewCell.swift */ = {isa = PBXFileReference; lastKnownFileType = sourcecode.swift; path = TargetAreaCollectionViewCell.swift; sourceTree = "<group>"; };
		D58ABA1427A7F84100F67771 /* TargetAreaCollectionViewCell.xib */ = {isa = PBXFileReference; lastKnownFileType = file.xib; path = TargetAreaCollectionViewCell.xib; sourceTree = "<group>"; };
/* End PBXFileReference section */

/* Begin PBXFrameworksBuildPhase section */
		D58AB9DA27A7D48700F67771 /* Frameworks */ = {
			isa = PBXFrameworksBuildPhase;
			buildActionMask = 2147483647;
			files = (
			);
			runOnlyForDeploymentPostprocessing = 0;
		};
/* End PBXFrameworksBuildPhase section */

/* Begin PBXGroup section */
		D58AB9D427A7D48700F67771 = {
			isa = PBXGroup;
			children = (
				D58AB9DF27A7D48700F67771 /* Workouts */,
				D58AB9DE27A7D48700F67771 /* Products */,
			);
			sourceTree = "<group>";
		};
		D58AB9DE27A7D48700F67771 /* Products */ = {
			isa = PBXGroup;
			children = (
				D58AB9DD27A7D48700F67771 /* Workouts.app */,
			);
			name = Products;
			sourceTree = "<group>";
		};
		D58AB9DF27A7D48700F67771 /* Workouts */ = {
			isa = PBXGroup;
			children = (
				D58AB9E027A7D48700F67771 /* AppDelegate.swift */,
				D58AB9E227A7D48700F67771 /* SceneDelegate.swift */,
				D58ABA0527A7EADB00F67771 /* Cells */,
				D58AB9FA27A7E01400F67771 /* Model */,
				D58AB9F627A7D52D00F67771 /* Model.xcdatamodeld */,
				D58ABA1027A7F68D00F67771 /* View Controllers */,
				D58AB9E627A7D48700F67771 /* Main.storyboard */,
				D58AB9E927A7D48800F67771 /* Assets.xcassets */,
				D58AB9EB27A7D48800F67771 /* LaunchScreen.storyboard */,
				D58AB9EE27A7D48800F67771 /* Info.plist */,
			);
			path = Workouts;
			sourceTree = "<group>";
		};
		D58AB9FA27A7E01400F67771 /* Model */ = {
			isa = PBXGroup;
			children = (
				D58AB9FB27A7E05300F67771 /* Exercise.swift */,
				D58AB9FF27A7E08700F67771 /* Workout.swift */,
				D58ABA0227A7E9D900F67771 /* WorkoutStack.swift */,
			);
			path = Model;
			sourceTree = "<group>";
		};
		D58ABA0527A7EADB00F67771 /* Cells */ = {
			isa = PBXGroup;
			children = (
				D58ABA1227A7F82700F67771 /* TargetAreaCell */,
				D58ABA0627A7EAE600F67771 /* WorkoutCell */,
			);
			path = Cells;
			sourceTree = "<group>";
		};
		D58ABA0627A7EAE600F67771 /* WorkoutCell */ = {
			isa = PBXGroup;
			children = (
				D58ABA0727A7EAFB00F67771 /* WorkoutCollectionViewCell.swift */,
				D58ABA0827A7EAFB00F67771 /* WorkoutCollectionViewCell.xib */,
			);
			path = WorkoutCell;
			sourceTree = "<group>";
		};
		D58ABA1027A7F68D00F67771 /* View Controllers */ = {
			isa = PBXGroup;
			children = (
				D58AB9E427A7D48700F67771 /* ViewController.swift */,
				D58ABA0D27A7F64A00F67771 /* AddWorkoutViewController.swift */,
			);
			path = "View Controllers";
			sourceTree = "<group>";
		};
		D58ABA1227A7F82700F67771 /* TargetAreaCell */ = {
			isa = PBXGroup;
			children = (
				D58ABA1327A7F84100F67771 /* TargetAreaCollectionViewCell.swift */,
				D58ABA1427A7F84100F67771 /* TargetAreaCollectionViewCell.xib */,
			);
			path = TargetAreaCell;
			sourceTree = "<group>";
		};
/* End PBXGroup section */

/* Begin PBXNativeTarget section */
		D58AB9DC27A7D48700F67771 /* Workouts */ = {
			isa = PBXNativeTarget;
			buildConfigurationList = D58AB9F127A7D48800F67771 /* Build configuration list for PBXNativeTarget "Workouts" */;
			buildPhases = (
				D58AB9D927A7D48700F67771 /* Sources */,
				D58AB9DA27A7D48700F67771 /* Frameworks */,
				D58AB9DB27A7D48700F67771 /* Resources */,
			);
			buildRules = (
			);
			dependencies = (
			);
			name = Workouts;
			productName = Workouts;
			productReference = D58AB9DD27A7D48700F67771 /* Workouts.app */;
			productType = "com.apple.product-type.application";
		};
/* End PBXNativeTarget section */

/* Begin PBXProject section */
		D58AB9D527A7D48700F67771 /* Project object */ = {
			isa = PBXProject;
			attributes = {
				LastSwiftUpdateCheck = 1240;
				LastUpgradeCheck = 1240;
				TargetAttributes = {
					D58AB9DC27A7D48700F67771 = {
						CreatedOnToolsVersion = 12.4;
					};
				};
			};
			buildConfigurationList = D58AB9D827A7D48700F67771 /* Build configuration list for PBXProject "Workouts" */;
			compatibilityVersion = "Xcode 9.3";
			developmentRegion = en;
			hasScannedForEncodings = 0;
			knownRegions = (
				en,
				Base,
			);
			mainGroup = D58AB9D427A7D48700F67771;
			productRefGroup = D58AB9DE27A7D48700F67771 /* Products */;
			projectDirPath = "";
			projectRoot = "";
			targets = (
				D58AB9DC27A7D48700F67771 /* Workouts */,
			);
		};
/* End PBXProject section */

/* Begin PBXResourcesBuildPhase section */
		D58AB9DB27A7D48700F67771 /* Resources */ = {
			isa = PBXResourcesBuildPhase;
			buildActionMask = 2147483647;
			files = (
				D58ABA1627A7F84100F67771 /* TargetAreaCollectionViewCell.xib in Resources */,
				D58ABA0A27A7EAFB00F67771 /* WorkoutCollectionViewCell.xib in Resources */,
				D58AB9ED27A7D48800F67771 /* LaunchScreen.storyboard in Resources */,
				D58AB9EA27A7D48800F67771 /* Assets.xcassets in Resources */,
				D58AB9E827A7D48700F67771 /* Main.storyboard in Resources */,
			);
			runOnlyForDeploymentPostprocessing = 0;
		};
/* End PBXResourcesBuildPhase section */

/* Begin PBXSourcesBuildPhase section */
		D58AB9D927A7D48700F67771 /* Sources */ = {
			isa = PBXSourcesBuildPhase;
			buildActionMask = 2147483647;
			files = (
				D58AB9FC27A7E05300F67771 /* Exercise.swift in Sources */,
				D58AB9E527A7D48700F67771 /* ViewController.swift in Sources */,
				D58ABA1527A7F84100F67771 /* TargetAreaCollectionViewCell.swift in Sources */,
				D58ABA0E27A7F64A00F67771 /* AddWorkoutViewController.swift in Sources */,
				D58AB9E127A7D48700F67771 /* AppDelegate.swift in Sources */,
				D58ABA0327A7E9D900F67771 /* WorkoutStack.swift in Sources */,
				D58ABA0927A7EAFB00F67771 /* WorkoutCollectionViewCell.swift in Sources */,
				D58AB9E327A7D48700F67771 /* SceneDelegate.swift in Sources */,
				D58AB9F827A7D52D00F67771 /* Model.xcdatamodeld in Sources */,
				D58ABA0027A7E08700F67771 /* Workout.swift in Sources */,
			);
			runOnlyForDeploymentPostprocessing = 0;
		};
/* End PBXSourcesBuildPhase section */

/* Begin PBXVariantGroup section */
		D58AB9E627A7D48700F67771 /* Main.storyboard */ = {
			isa = PBXVariantGroup;
			children = (
				D58AB9E727A7D48700F67771 /* Base */,
			);
			name = Main.storyboard;
			sourceTree = "<group>";
		};
		D58AB9EB27A7D48800F67771 /* LaunchScreen.storyboard */ = {
			isa = PBXVariantGroup;
			children = (
				D58AB9EC27A7D48800F67771 /* Base */,
			);
			name = LaunchScreen.storyboard;
			sourceTree = "<group>";
		};
/* End PBXVariantGroup section */

/* Begin XCBuildConfiguration section */
		D58AB9EF27A7D48800F67771 /* Debug */ = {
			isa = XCBuildConfiguration;
			buildSettings = {
				ALWAYS_SEARCH_USER_PATHS = NO;
				CLANG_ANALYZER_NONNULL = YES;
				CLANG_ANALYZER_NUMBER_OBJECT_CONVERSION = YES_AGGRESSIVE;
				CLANG_CXX_LANGUAGE_STANDARD = "gnu++14";
				CLANG_CXX_LIBRARY = "libc++";
				CLANG_ENABLE_MODULES = YES;
				CLANG_ENABLE_OBJC_ARC = YES;
				CLANG_ENABLE_OBJC_WEAK = YES;
				CLANG_WARN_BLOCK_CAPTURE_AUTORELEASING = YES;
				CLANG_WARN_BOOL_CONVERSION = YES;
				CLANG_WARN_COMMA = YES;
				CLANG_WARN_CONSTANT_CONVERSION = YES;
				CLANG_WARN_DEPRECATED_OBJC_IMPLEMENTATIONS = YES;
				CLANG_WARN_DIRECT_OBJC_ISA_USAGE = YES_ERROR;
				CLANG_WARN_DOCUMENTATION_COMMENTS = YES;
				CLANG_WARN_EMPTY_BODY = YES;
				CLANG_WARN_ENUM_CONVERSION = YES;
				CLANG_WARN_INFINITE_RECURSION = YES;
				CLANG_WARN_INT_CONVERSION = YES;
				CLANG_WARN_NON_LITERAL_NULL_CONVERSION = YES;
				CLANG_WARN_OBJC_IMPLICIT_RETAIN_SELF = YES;
				CLANG_WARN_OBJC_LITERAL_CONVERSION = YES;
				CLANG_WARN_OBJC_ROOT_CLASS = YES_ERROR;
				CLANG_WARN_QUOTED_INCLUDE_IN_FRAMEWORK_HEADER = YES;
				CLANG_WARN_RANGE_LOOP_ANALYSIS = YES;
				CLANG_WARN_STRICT_PROTOTYPES = YES;
				CLANG_WARN_SUSPICIOUS_MOVE = YES;
				CLANG_WARN_UNGUARDED_AVAILABILITY = YES_AGGRESSIVE;
				CLANG_WARN_UNREACHABLE_CODE = YES;
				CLANG_WARN__DUPLICATE_METHOD_MATCH = YES;
				COPY_PHASE_STRIP = NO;
				DEBUG_INFORMATION_FORMAT = dwarf;
				ENABLE_STRICT_OBJC_MSGSEND = YES;
				ENABLE_TESTABILITY = YES;
				GCC_C_LANGUAGE_STANDARD = gnu11;
				GCC_DYNAMIC_NO_PIC = NO;
				GCC_NO_COMMON_BLOCKS = YES;
				GCC_OPTIMIZATION_LEVEL = 0;
				GCC_PREPROCESSOR_DEFINITIONS = (
					"DEBUG=1",
					"$(inherited)",
				);
				GCC_WARN_64_TO_32_BIT_CONVERSION = YES;
				GCC_WARN_ABOUT_RETURN_TYPE = YES_ERROR;
				GCC_WARN_UNDECLARED_SELECTOR = YES;
				GCC_WARN_UNINITIALIZED_AUTOS = YES_AGGRESSIVE;
				GCC_WARN_UNUSED_FUNCTION = YES;
				GCC_WARN_UNUSED_VARIABLE = YES;
				IPHONEOS_DEPLOYMENT_TARGET = 14.1;
				MTL_ENABLE_DEBUG_INFO = INCLUDE_SOURCE;
				MTL_FAST_MATH = YES;
				ONLY_ACTIVE_ARCH = YES;
				SDKROOT = iphoneos;
				SWIFT_ACTIVE_COMPILATION_CONDITIONS = DEBUG;
				SWIFT_OPTIMIZATION_LEVEL = "-Onone";
			};
			name = Debug;
		};
		D58AB9F027A7D48800F67771 /* Release */ = {
			isa = XCBuildConfiguration;
			buildSettings = {
				ALWAYS_SEARCH_USER_PATHS = NO;
				CLANG_ANALYZER_NONNULL = YES;
				CLANG_ANALYZER_NUMBER_OBJECT_CONVERSION = YES_AGGRESSIVE;
				CLANG_CXX_LANGUAGE_STANDARD = "gnu++14";
				CLANG_CXX_LIBRARY = "libc++";
				CLANG_ENABLE_MODULES = YES;
				CLANG_ENABLE_OBJC_ARC = YES;
				CLANG_ENABLE_OBJC_WEAK = YES;
				CLANG_WARN_BLOCK_CAPTURE_AUTORELEASING = YES;
				CLANG_WARN_BOOL_CONVERSION = YES;
				CLANG_WARN_COMMA = YES;
				CLANG_WARN_CONSTANT_CONVERSION = YES;
				CLANG_WARN_DEPRECATED_OBJC_IMPLEMENTATIONS = YES;
				CLANG_WARN_DIRECT_OBJC_ISA_USAGE = YES_ERROR;
				CLANG_WARN_DOCUMENTATION_COMMENTS = YES;
				CLANG_WARN_EMPTY_BODY = YES;
				CLANG_WARN_ENUM_CONVERSION = YES;
				CLANG_WARN_INFINITE_RECURSION = YES;
				CLANG_WARN_INT_CONVERSION = YES;
				CLANG_WARN_NON_LITERAL_NULL_CONVERSION = YES;
				CLANG_WARN_OBJC_IMPLICIT_RETAIN_SELF = YES;
				CLANG_WARN_OBJC_LITERAL_CONVERSION = YES;
				CLANG_WARN_OBJC_ROOT_CLASS = YES_ERROR;
				CLANG_WARN_QUOTED_INCLUDE_IN_FRAMEWORK_HEADER = YES;
				CLANG_WARN_RANGE_LOOP_ANALYSIS = YES;
				CLANG_WARN_STRICT_PROTOTYPES = YES;
				CLANG_WARN_SUSPICIOUS_MOVE = YES;
				CLANG_WARN_UNGUARDED_AVAILABILITY = YES_AGGRESSIVE;
				CLANG_WARN_UNREACHABLE_CODE = YES;
				CLANG_WARN__DUPLICATE_METHOD_MATCH = YES;
				COPY_PHASE_STRIP = NO;
				DEBUG_INFORMATION_FORMAT = "dwarf-with-dsym";
				ENABLE_NS_ASSERTIONS = NO;
				ENABLE_STRICT_OBJC_MSGSEND = YES;
				GCC_C_LANGUAGE_STANDARD = gnu11;
				GCC_NO_COMMON_BLOCKS = YES;
				GCC_WARN_64_TO_32_BIT_CONVERSION = YES;
				GCC_WARN_ABOUT_RETURN_TYPE = YES_ERROR;
				GCC_WARN_UNDECLARED_SELECTOR = YES;
				GCC_WARN_UNINITIALIZED_AUTOS = YES_AGGRESSIVE;
				GCC_WARN_UNUSED_FUNCTION = YES;
				GCC_WARN_UNUSED_VARIABLE = YES;
				IPHONEOS_DEPLOYMENT_TARGET = 14.1;
				MTL_ENABLE_DEBUG_INFO = NO;
				MTL_FAST_MATH = YES;
				SDKROOT = iphoneos;
				SWIFT_COMPILATION_MODE = wholemodule;
				SWIFT_OPTIMIZATION_LEVEL = "-O";
				VALIDATE_PRODUCT = YES;
			};
			name = Release;
		};
		D58AB9F227A7D48800F67771 /* Debug */ = {
			isa = XCBuildConfiguration;
			buildSettings = {
				ASSETCATALOG_COMPILER_APPICON_NAME = AppIcon;
				ASSETCATALOG_COMPILER_GLOBAL_ACCENT_COLOR_NAME = AccentColor;
				CODE_SIGN_STYLE = Automatic;
				DEVELOPMENT_TEAM = WSTWL4B246;
				INFOPLIST_FILE = Workouts/Info.plist;
				IPHONEOS_DEPLOYMENT_TARGET = 14.1;
				LD_RUNPATH_SEARCH_PATHS = (
					"$(inherited)",
					"@executable_path/Frameworks",
				);
				PRODUCT_BUNDLE_IDENTIFIER = dariavarabei.Workouts;
				PRODUCT_NAME = "$(TARGET_NAME)";
				SWIFT_VERSION = 5.0;
				TARGETED_DEVICE_FAMILY = "1,2";
			};
			name = Debug;
		};
		D58AB9F327A7D48800F67771 /* Release */ = {
			isa = XCBuildConfiguration;
			buildSettings = {
				ASSETCATALOG_COMPILER_APPICON_NAME = AppIcon;
				ASSETCATALOG_COMPILER_GLOBAL_ACCENT_COLOR_NAME = AccentColor;
				CODE_SIGN_STYLE = Automatic;
				DEVELOPMENT_TEAM = WSTWL4B246;
				INFOPLIST_FILE = Workouts/Info.plist;
				IPHONEOS_DEPLOYMENT_TARGET = 14.1;
				LD_RUNPATH_SEARCH_PATHS = (
					"$(inherited)",
					"@executable_path/Frameworks",
				);
				PRODUCT_BUNDLE_IDENTIFIER = dariavarabei.Workouts;
				PRODUCT_NAME = "$(TARGET_NAME)";
				SWIFT_VERSION = 5.0;
				TARGETED_DEVICE_FAMILY = "1,2";
			};
			name = Release;
		};
/* End XCBuildConfiguration section */

/* Begin XCConfigurationList section */
		D58AB9D827A7D48700F67771 /* Build configuration list for PBXProject "Workouts" */ = {
			isa = XCConfigurationList;
			buildConfigurations = (
				D58AB9EF27A7D48800F67771 /* Debug */,
				D58AB9F027A7D48800F67771 /* Release */,
			);
			defaultConfigurationIsVisible = 0;
			defaultConfigurationName = Release;
		};
		D58AB9F127A7D48800F67771 /* Build configuration list for PBXNativeTarget "Workouts" */ = {
			isa = XCConfigurationList;
			buildConfigurations = (
				D58AB9F227A7D48800F67771 /* Debug */,
				D58AB9F327A7D48800F67771 /* Release */,
			);
			defaultConfigurationIsVisible = 0;
			defaultConfigurationName = Release;
		};
/* End XCConfigurationList section */

/* Begin XCVersionGroup section */
		D58AB9F627A7D52D00F67771 /* Model.xcdatamodeld */ = {
			isa = XCVersionGroup;
			children = (
				D58AB9F727A7D52D00F67771 /* Model.xcdatamodel */,
			);
			currentVersion = D58AB9F727A7D52D00F67771 /* Model.xcdatamodel */;
			path = Model.xcdatamodeld;
			sourceTree = "<group>";
			versionGroupType = wrapper.xcdatamodel;
		};
/* End XCVersionGroup section */
	};
	rootObject = D58AB9D527A7D48700F67771 /* Project object */;
}
