// !$*UTF8*$!
{
	archiveVersion = 1;
	classes = {
	};
	objectVersion = 50;
	objects = {

/* Begin PBXBuildFile section */
		4B089A42270C6F4B000C77D4 /* FileManager.swift in Sources */ = {isa = PBXBuildFile; fileRef = 4B089A41270C6F4B000C77D4 /* FileManager.swift */; };
		4B089A44270C8D6D000C77D4 /* cities.txt in Resources */ = {isa = PBXBuildFile; fileRef = 4B089A43270C8D6D000C77D4 /* cities.txt */; };
		4B2ADE23270212F800E80A09 /* NetApi.framework in Frameworks */ = {isa = PBXBuildFile; fileRef = 4B2ADE22270212F800E80A09 /* NetApi.framework */; };
		4B2ADE24270212F800E80A09 /* NetApi.framework in Embed Frameworks */ = {isa = PBXBuildFile; fileRef = 4B2ADE22270212F800E80A09 /* NetApi.framework */; settings = {ATTRIBUTES = (CodeSignOnCopy, RemoveHeadersOnCopy, ); }; };
		4B4168D326FC56A300EEDD9A /* CoreServices.framework in Frameworks */ = {isa = PBXBuildFile; fileRef = 4B4168D226FC56A300EEDD9A /* CoreServices.framework */; };
		4B487C3326F4B14200098BF7 /* AppDelegate.swift in Sources */ = {isa = PBXBuildFile; fileRef = 4B487C3226F4B14200098BF7 /* AppDelegate.swift */; };
		4B487C3526F4B14200098BF7 /* SceneDelegate.swift in Sources */ = {isa = PBXBuildFile; fileRef = 4B487C3426F4B14200098BF7 /* SceneDelegate.swift */; };
		4B487C3726F4B14200098BF7 /* ViewController.swift in Sources */ = {isa = PBXBuildFile; fileRef = 4B487C3626F4B14200098BF7 /* ViewController.swift */; };
		4B487C3A26F4B14200098BF7 /* Main.storyboard in Resources */ = {isa = PBXBuildFile; fileRef = 4B487C3826F4B14200098BF7 /* Main.storyboard */; };
		4B487C3D26F4B14200098BF7 /* WeatherApp.xcdatamodeld in Sources */ = {isa = PBXBuildFile; fileRef = 4B487C3B26F4B14200098BF7 /* WeatherApp.xcdatamodeld */; };
		4B487C3F26F4B14200098BF7 /* Assets.xcassets in Resources */ = {isa = PBXBuildFile; fileRef = 4B487C3E26F4B14200098BF7 /* Assets.xcassets */; };
		4B487C4226F4B14200098BF7 /* LaunchScreen.storyboard in Resources */ = {isa = PBXBuildFile; fileRef = 4B487C4026F4B14200098BF7 /* LaunchScreen.storyboard */; };
		4B487C8C26F4E12500098BF7 /* NotoSans-Bold.ttf in Resources */ = {isa = PBXBuildFile; fileRef = 4B487C8B26F4E12500098BF7 /* NotoSans-Bold.ttf */; };
		4B487C8E26F4E13900098BF7 /* NotoSans-Medium.ttf in Resources */ = {isa = PBXBuildFile; fileRef = 4B487C8D26F4E13900098BF7 /* NotoSans-Medium.ttf */; };
		4B487C9026F4E14400098BF7 /* NotoSans-Regular.ttf in Resources */ = {isa = PBXBuildFile; fileRef = 4B487C8F26F4E14400098BF7 /* NotoSans-Regular.ttf */; };
		4B487C9226F4E14C00098BF7 /* NotoSans-SemiBold.ttf in Resources */ = {isa = PBXBuildFile; fileRef = 4B487C9126F4E14C00098BF7 /* NotoSans-SemiBold.ttf */; };
		4BA64EDA270ADF0600DAF846 /* CustomCollectionViewCell.swift in Sources */ = {isa = PBXBuildFile; fileRef = 4BA64ED8270ADF0600DAF846 /* CustomCollectionViewCell.swift */; };
		4BA64EDB270ADF0600DAF846 /* CustomCollectionViewCell.xib in Resources */ = {isa = PBXBuildFile; fileRef = 4BA64ED9270ADF0600DAF846 /* CustomCollectionViewCell.xib */; };
		4BA64EE3270AE02700DAF846 /* WeatherTableViewCell.swift in Sources */ = {isa = PBXBuildFile; fileRef = 4BA64EE1270AE02700DAF846 /* WeatherTableViewCell.swift */; };
		4BA64EE4270AE02700DAF846 /* WeatherTableViewCell.xib in Resources */ = {isa = PBXBuildFile; fileRef = 4BA64EE2270AE02700DAF846 /* WeatherTableViewCell.xib */; };
		4BA64EE7270AE04100DAF846 /* ForecastTableViewCell.swift in Sources */ = {isa = PBXBuildFile; fileRef = 4BA64EE5270AE04100DAF846 /* ForecastTableViewCell.swift */; };
		4BA64EE8270AE04100DAF846 /* ForecastTableViewCell.xib in Resources */ = {isa = PBXBuildFile; fileRef = 4BA64EE6270AE04100DAF846 /* ForecastTableViewCell.xib */; };
		D5011A3526F725E500125A4A /* ChooseCityViewController.swift in Sources */ = {isa = PBXBuildFile; fileRef = D5011A3426F725E500125A4A /* ChooseCityViewController.swift */; };
		D5DFC48026F7B2390020ED62 /* FeaturedCityCell.swift in Sources */ = {isa = PBXBuildFile; fileRef = D5DFC47F26F7B2390020ED62 /* FeaturedCityCell.swift */; };
/* End PBXBuildFile section */

/* Begin PBXCopyFilesBuildPhase section */
		4B2ADE21270212D800E80A09 /* Embed Frameworks */ = {
			isa = PBXCopyFilesBuildPhase;
			buildActionMask = 2147483647;
			dstPath = "";
			dstSubfolderSpec = 10;
			files = (
				4B2ADE24270212F800E80A09 /* NetApi.framework in Embed Frameworks */,
			);
			name = "Embed Frameworks";
			runOnlyForDeploymentPostprocessing = 0;
		};
		4B487C5C26F4B38C00098BF7 /* Embed App Extensions */ = {
			isa = PBXCopyFilesBuildPhase;
			buildActionMask = 2147483647;
			dstPath = "";
			dstSubfolderSpec = 13;
			files = (
			);
			name = "Embed App Extensions";
			runOnlyForDeploymentPostprocessing = 0;
		};
/* End PBXCopyFilesBuildPhase section */

/* Begin PBXFileReference section */
		4B089A41270C6F4B000C77D4 /* FileManager.swift */ = {isa = PBXFileReference; lastKnownFileType = sourcecode.swift; path = FileManager.swift; sourceTree = "<group>"; };
		4B089A43270C8D6D000C77D4 /* cities.txt */ = {isa = PBXFileReference; lastKnownFileType = text; path = cities.txt; sourceTree = "<group>"; };
		4B2ADE22270212F800E80A09 /* NetApi.framework */ = {isa = PBXFileReference; explicitFileType = wrapper.framework; path = NetApi.framework; sourceTree = BUILT_PRODUCTS_DIR; };
		4B4168D226FC56A300EEDD9A /* CoreServices.framework */ = {isa = PBXFileReference; lastKnownFileType = wrapper.framework; name = CoreServices.framework; path = System/Library/Frameworks/CoreServices.framework; sourceTree = SDKROOT; };
		4B487C2F26F4B14200098BF7 /* WeatherApp.app */ = {isa = PBXFileReference; explicitFileType = wrapper.application; includeInIndex = 0; path = WeatherApp.app; sourceTree = BUILT_PRODUCTS_DIR; };
		4B487C3226F4B14200098BF7 /* AppDelegate.swift */ = {isa = PBXFileReference; lastKnownFileType = sourcecode.swift; path = AppDelegate.swift; sourceTree = "<group>"; };
		4B487C3426F4B14200098BF7 /* SceneDelegate.swift */ = {isa = PBXFileReference; lastKnownFileType = sourcecode.swift; path = SceneDelegate.swift; sourceTree = "<group>"; };
		4B487C3626F4B14200098BF7 /* ViewController.swift */ = {isa = PBXFileReference; lastKnownFileType = sourcecode.swift; path = ViewController.swift; sourceTree = "<group>"; };
		4B487C3926F4B14200098BF7 /* Base */ = {isa = PBXFileReference; lastKnownFileType = file.storyboard; name = Base; path = Base.lproj/Main.storyboard; sourceTree = "<group>"; };
		4B487C3C26F4B14200098BF7 /* WeatherApp.xcdatamodel */ = {isa = PBXFileReference; lastKnownFileType = wrapper.xcdatamodel; path = WeatherApp.xcdatamodel; sourceTree = "<group>"; };
		4B487C3E26F4B14200098BF7 /* Assets.xcassets */ = {isa = PBXFileReference; lastKnownFileType = folder.assetcatalog; path = Assets.xcassets; sourceTree = "<group>"; };
		4B487C4126F4B14200098BF7 /* Base */ = {isa = PBXFileReference; lastKnownFileType = file.storyboard; name = Base; path = Base.lproj/LaunchScreen.storyboard; sourceTree = "<group>"; };
		4B487C4326F4B14200098BF7 /* Info.plist */ = {isa = PBXFileReference; lastKnownFileType = text.plist.xml; path = Info.plist; sourceTree = "<group>"; };
		4B487C8B26F4E12500098BF7 /* NotoSans-Bold.ttf */ = {isa = PBXFileReference; lastKnownFileType = file; path = "NotoSans-Bold.ttf"; sourceTree = "<group>"; };
		4B487C8D26F4E13900098BF7 /* NotoSans-Medium.ttf */ = {isa = PBXFileReference; lastKnownFileType = file; path = "NotoSans-Medium.ttf"; sourceTree = "<group>"; };
		4B487C8F26F4E14400098BF7 /* NotoSans-Regular.ttf */ = {isa = PBXFileReference; lastKnownFileType = file; path = "NotoSans-Regular.ttf"; sourceTree = "<group>"; };
		4B487C9126F4E14C00098BF7 /* NotoSans-SemiBold.ttf */ = {isa = PBXFileReference; lastKnownFileType = file; path = "NotoSans-SemiBold.ttf"; sourceTree = "<group>"; };
		4BA64ED8270ADF0600DAF846 /* CustomCollectionViewCell.swift */ = {isa = PBXFileReference; lastKnownFileType = sourcecode.swift; path = CustomCollectionViewCell.swift; sourceTree = "<group>"; };
		4BA64ED9270ADF0600DAF846 /* CustomCollectionViewCell.xib */ = {isa = PBXFileReference; lastKnownFileType = file.xib; path = CustomCollectionViewCell.xib; sourceTree = "<group>"; };
		4BA64EE1270AE02700DAF846 /* WeatherTableViewCell.swift */ = {isa = PBXFileReference; lastKnownFileType = sourcecode.swift; path = WeatherTableViewCell.swift; sourceTree = "<group>"; };
		4BA64EE2270AE02700DAF846 /* WeatherTableViewCell.xib */ = {isa = PBXFileReference; lastKnownFileType = file.xib; path = WeatherTableViewCell.xib; sourceTree = "<group>"; };
		4BA64EE5270AE04100DAF846 /* ForecastTableViewCell.swift */ = {isa = PBXFileReference; lastKnownFileType = sourcecode.swift; path = ForecastTableViewCell.swift; sourceTree = "<group>"; };
		4BA64EE6270AE04100DAF846 /* ForecastTableViewCell.xib */ = {isa = PBXFileReference; lastKnownFileType = file.xib; path = ForecastTableViewCell.xib; sourceTree = "<group>"; };
		D5011A3426F725E500125A4A /* ChooseCityViewController.swift */ = {isa = PBXFileReference; lastKnownFileType = sourcecode.swift; path = ChooseCityViewController.swift; sourceTree = "<group>"; };
		D5DFC47F26F7B2390020ED62 /* FeaturedCityCell.swift */ = {isa = PBXFileReference; lastKnownFileType = sourcecode.swift; path = FeaturedCityCell.swift; sourceTree = "<group>"; };
/* End PBXFileReference section */

/* Begin PBXFrameworksBuildPhase section */
		4B487C2C26F4B14200098BF7 /* Frameworks */ = {
			isa = PBXFrameworksBuildPhase;
			buildActionMask = 2147483647;
			files = (
				4B4168D326FC56A300EEDD9A /* CoreServices.framework in Frameworks */,
				4B2ADE23270212F800E80A09 /* NetApi.framework in Frameworks */,
			);
			runOnlyForDeploymentPostprocessing = 0;
		};
/* End PBXFrameworksBuildPhase section */

/* Begin PBXGroup section */
		4B487C2626F4B14200098BF7 = {
			isa = PBXGroup;
			children = (
				4B487C3126F4B14200098BF7 /* WeatherApp */,
				4B487C4E26F4B38C00098BF7 /* Frameworks */,
				4B487C3026F4B14200098BF7 /* Products */,
			);
			sourceTree = "<group>";
		};
		4B487C3026F4B14200098BF7 /* Products */ = {
			isa = PBXGroup;
			children = (
				4B487C2F26F4B14200098BF7 /* WeatherApp.app */,
			);
			name = Products;
			sourceTree = "<group>";
		};
		4B487C3126F4B14200098BF7 /* WeatherApp */ = {
			isa = PBXGroup;
			children = (
				4B487C3226F4B14200098BF7 /* AppDelegate.swift */,
				4B487C3426F4B14200098BF7 /* SceneDelegate.swift */,
				4B487C3626F4B14200098BF7 /* ViewController.swift */,
				4B089A43270C8D6D000C77D4 /* cities.txt */,
				4B089A41270C6F4B000C77D4 /* FileManager.swift */,
				D5DFC47F26F7B2390020ED62 /* FeaturedCityCell.swift */,
				4BA64EE0270ADFD600DAF846 /* Cells */,
				D5011A3426F725E500125A4A /* ChooseCityViewController.swift */,
				4B487C8A26F4E11600098BF7 /* Fonts */,
				4B487C3826F4B14200098BF7 /* Main.storyboard */,
				4B487C3E26F4B14200098BF7 /* Assets.xcassets */,
				4B487C4026F4B14200098BF7 /* LaunchScreen.storyboard */,
				4B487C4326F4B14200098BF7 /* Info.plist */,
				4B487C3B26F4B14200098BF7 /* WeatherApp.xcdatamodeld */,
			);
			path = WeatherApp;
			sourceTree = "<group>";
		};
		4B487C4E26F4B38C00098BF7 /* Frameworks */ = {
			isa = PBXGroup;
			children = (
				4B2ADE22270212F800E80A09 /* NetApi.framework */,
				4B4168D226FC56A300EEDD9A /* CoreServices.framework */,
			);
			name = Frameworks;
			sourceTree = "<group>";
		};
		4B487C8A26F4E11600098BF7 /* Fonts */ = {
			isa = PBXGroup;
			children = (
				4B487C9126F4E14C00098BF7 /* NotoSans-SemiBold.ttf */,
				4B487C8B26F4E12500098BF7 /* NotoSans-Bold.ttf */,
				4B487C8D26F4E13900098BF7 /* NotoSans-Medium.ttf */,
				4B487C8F26F4E14400098BF7 /* NotoSans-Regular.ttf */,
			);
			path = Fonts;
			sourceTree = "<group>";
		};
		4BA64EE0270ADFD600DAF846 /* Cells */ = {
			isa = PBXGroup;
			children = (
				4BA64ED8270ADF0600DAF846 /* CustomCollectionViewCell.swift */,
				4BA64ED9270ADF0600DAF846 /* CustomCollectionViewCell.xib */,
				4BA64EE5270AE04100DAF846 /* ForecastTableViewCell.swift */,
				4BA64EE6270AE04100DAF846 /* ForecastTableViewCell.xib */,
				4BA64EE1270AE02700DAF846 /* WeatherTableViewCell.swift */,
				4BA64EE2270AE02700DAF846 /* WeatherTableViewCell.xib */,
			);
			path = Cells;
			sourceTree = "<group>";
		};
/* End PBXGroup section */

/* Begin PBXNativeTarget section */
		4B487C2E26F4B14200098BF7 /* WeatherApp */ = {
			isa = PBXNativeTarget;
			buildConfigurationList = 4B487C4626F4B14200098BF7 /* Build configuration list for PBXNativeTarget "WeatherApp" */;
			buildPhases = (
				4B487C2B26F4B14200098BF7 /* Sources */,
				4B487C2C26F4B14200098BF7 /* Frameworks */,
				4B487C2D26F4B14200098BF7 /* Resources */,
				4B487C5C26F4B38C00098BF7 /* Embed App Extensions */,
				4B2ADE21270212D800E80A09 /* Embed Frameworks */,
			);
			buildRules = (
			);
			dependencies = (
			);
			name = WeatherApp;
			productName = WeatherApp;
			productReference = 4B487C2F26F4B14200098BF7 /* WeatherApp.app */;
			productType = "com.apple.product-type.application";
		};
/* End PBXNativeTarget section */

/* Begin PBXProject section */
		4B487C2726F4B14200098BF7 /* Project object */ = {
			isa = PBXProject;
			attributes = {
				LastSwiftUpdateCheck = 1250;
				LastUpgradeCheck = 1250;
				TargetAttributes = {
					4B487C2E26F4B14200098BF7 = {
						CreatedOnToolsVersion = 12.5.1;
					};
				};
			};
			buildConfigurationList = 4B487C2A26F4B14200098BF7 /* Build configuration list for PBXProject "WeatherApp" */;
			compatibilityVersion = "Xcode 9.3";
			developmentRegion = en;
			hasScannedForEncodings = 0;
			knownRegions = (
				en,
				Base,
			);
			mainGroup = 4B487C2626F4B14200098BF7;
			productRefGroup = 4B487C3026F4B14200098BF7 /* Products */;
			projectDirPath = "";
			projectRoot = "";
			targets = (
				4B487C2E26F4B14200098BF7 /* WeatherApp */,
			);
		};
/* End PBXProject section */

/* Begin PBXResourcesBuildPhase section */
		4B487C2D26F4B14200098BF7 /* Resources */ = {
			isa = PBXResourcesBuildPhase;
			buildActionMask = 2147483647;
			files = (
				4BA64EE8270AE04100DAF846 /* ForecastTableViewCell.xib in Resources */,
				4B487C9026F4E14400098BF7 /* NotoSans-Regular.ttf in Resources */,
				4B487C8C26F4E12500098BF7 /* NotoSans-Bold.ttf in Resources */,
				4B089A44270C8D6D000C77D4 /* cities.txt in Resources */,
				4BA64EE4270AE02700DAF846 /* WeatherTableViewCell.xib in Resources */,
				4B487C9226F4E14C00098BF7 /* NotoSans-SemiBold.ttf in Resources */,
				4B487C4226F4B14200098BF7 /* LaunchScreen.storyboard in Resources */,
				4B487C3F26F4B14200098BF7 /* Assets.xcassets in Resources */,
				4B487C3A26F4B14200098BF7 /* Main.storyboard in Resources */,
				4B487C8E26F4E13900098BF7 /* NotoSans-Medium.ttf in Resources */,
				4BA64EDB270ADF0600DAF846 /* CustomCollectionViewCell.xib in Resources */,
			);
			runOnlyForDeploymentPostprocessing = 0;
		};
/* End PBXResourcesBuildPhase section */

/* Begin PBXSourcesBuildPhase section */
		4B487C2B26F4B14200098BF7 /* Sources */ = {
			isa = PBXSourcesBuildPhase;
			buildActionMask = 2147483647;
			files = (
				4BA64EE7270AE04100DAF846 /* ForecastTableViewCell.swift in Sources */,
				4B487C3D26F4B14200098BF7 /* WeatherApp.xcdatamodeld in Sources */,
				4BA64EDA270ADF0600DAF846 /* CustomCollectionViewCell.swift in Sources */,
				4B089A42270C6F4B000C77D4 /* FileManager.swift in Sources */,
				4BA64EE3270AE02700DAF846 /* WeatherTableViewCell.swift in Sources */,
				D5DFC48026F7B2390020ED62 /* FeaturedCityCell.swift in Sources */,
				D5011A3526F725E500125A4A /* ChooseCityViewController.swift in Sources */,
				4B487C3726F4B14200098BF7 /* ViewController.swift in Sources */,
				4B487C3326F4B14200098BF7 /* AppDelegate.swift in Sources */,
				4B487C3526F4B14200098BF7 /* SceneDelegate.swift in Sources */,
			);
			runOnlyForDeploymentPostprocessing = 0;
		};
/* End PBXSourcesBuildPhase section */

/* Begin PBXVariantGroup section */
		4B487C3826F4B14200098BF7 /* Main.storyboard */ = {
			isa = PBXVariantGroup;
			children = (
				4B487C3926F4B14200098BF7 /* Base */,
			);
			name = Main.storyboard;
			sourceTree = "<group>";
		};
		4B487C4026F4B14200098BF7 /* LaunchScreen.storyboard */ = {
			isa = PBXVariantGroup;
			children = (
				4B487C4126F4B14200098BF7 /* Base */,
			);
			name = LaunchScreen.storyboard;
			sourceTree = "<group>";
		};
/* End PBXVariantGroup section */

/* Begin XCBuildConfiguration section */
		4B487C4426F4B14200098BF7 /* Debug */ = {
			isa = XCBuildConfiguration;
			buildSettings = {
				ALWAYS_SEARCH_USER_PATHS = NO;
				CLANG_ANALYZER_NONNULL = YES;
				CLANG_ANALYZER_NUMBER_OBJECT_CONVERSION = YES_AGGRESSIVE;
				CLANG_CXX_LANGUAGE_STANDARD = "gnu++14";
				CLANG_CXX_LIBRARY = "libc++";
				CLANG_ENABLE_MODULES = YES;
				CLANG_ENABLE_OBJC_ARC = YES;
				CLANG_ENABLE_OBJC_WEAK = YES;
				CLANG_WARN_BLOCK_CAPTURE_AUTORELEASING = YES;
				CLANG_WARN_BOOL_CONVERSION = YES;
				CLANG_WARN_COMMA = YES;
				CLANG_WARN_CONSTANT_CONVERSION = YES;
				CLANG_WARN_DEPRECATED_OBJC_IMPLEMENTATIONS = YES;
				CLANG_WARN_DIRECT_OBJC_ISA_USAGE = YES_ERROR;
				CLANG_WARN_DOCUMENTATION_COMMENTS = YES;
				CLANG_WARN_EMPTY_BODY = YES;
				CLANG_WARN_ENUM_CONVERSION = YES;
				CLANG_WARN_INFINITE_RECURSION = YES;
				CLANG_WARN_INT_CONVERSION = YES;
				CLANG_WARN_NON_LITERAL_NULL_CONVERSION = YES;
				CLANG_WARN_OBJC_IMPLICIT_RETAIN_SELF = YES;
				CLANG_WARN_OBJC_LITERAL_CONVERSION = YES;
				CLANG_WARN_OBJC_ROOT_CLASS = YES_ERROR;
				CLANG_WARN_QUOTED_INCLUDE_IN_FRAMEWORK_HEADER = YES;
				CLANG_WARN_RANGE_LOOP_ANALYSIS = YES;
				CLANG_WARN_STRICT_PROTOTYPES = YES;
				CLANG_WARN_SUSPICIOUS_MOVE = YES;
				CLANG_WARN_UNGUARDED_AVAILABILITY = YES_AGGRESSIVE;
				CLANG_WARN_UNREACHABLE_CODE = YES;
				CLANG_WARN__DUPLICATE_METHOD_MATCH = YES;
				COPY_PHASE_STRIP = NO;
				DEBUG_INFORMATION_FORMAT = dwarf;
				ENABLE_STRICT_OBJC_MSGSEND = YES;
				ENABLE_TESTABILITY = YES;
				GCC_C_LANGUAGE_STANDARD = gnu11;
				GCC_DYNAMIC_NO_PIC = NO;
				GCC_NO_COMMON_BLOCKS = YES;
				GCC_OPTIMIZATION_LEVEL = 0;
				GCC_PREPROCESSOR_DEFINITIONS = (
					"DEBUG=1",
					"$(inherited)",
				);
				GCC_WARN_64_TO_32_BIT_CONVERSION = YES;
				GCC_WARN_ABOUT_RETURN_TYPE = YES_ERROR;
				GCC_WARN_UNDECLARED_SELECTOR = YES;
				GCC_WARN_UNINITIALIZED_AUTOS = YES_AGGRESSIVE;
				GCC_WARN_UNUSED_FUNCTION = YES;
				GCC_WARN_UNUSED_VARIABLE = YES;
				IPHONEOS_DEPLOYMENT_TARGET = 14.5;
				MTL_ENABLE_DEBUG_INFO = INCLUDE_SOURCE;
				MTL_FAST_MATH = YES;
				ONLY_ACTIVE_ARCH = YES;
				SDKROOT = iphoneos;
				SWIFT_ACTIVE_COMPILATION_CONDITIONS = DEBUG;
				SWIFT_OPTIMIZATION_LEVEL = "-Onone";
			};
			name = Debug;
		};
		4B487C4526F4B14200098BF7 /* Release */ = {
			isa = XCBuildConfiguration;
			buildSettings = {
				ALWAYS_SEARCH_USER_PATHS = NO;
				CLANG_ANALYZER_NONNULL = YES;
				CLANG_ANALYZER_NUMBER_OBJECT_CONVERSION = YES_AGGRESSIVE;
				CLANG_CXX_LANGUAGE_STANDARD = "gnu++14";
				CLANG_CXX_LIBRARY = "libc++";
				CLANG_ENABLE_MODULES = YES;
				CLANG_ENABLE_OBJC_ARC = YES;
				CLANG_ENABLE_OBJC_WEAK = YES;
				CLANG_WARN_BLOCK_CAPTURE_AUTORELEASING = YES;
				CLANG_WARN_BOOL_CONVERSION = YES;
				CLANG_WARN_COMMA = YES;
				CLANG_WARN_CONSTANT_CONVERSION = YES;
				CLANG_WARN_DEPRECATED_OBJC_IMPLEMENTATIONS = YES;
				CLANG_WARN_DIRECT_OBJC_ISA_USAGE = YES_ERROR;
				CLANG_WARN_DOCUMENTATION_COMMENTS = YES;
				CLANG_WARN_EMPTY_BODY = YES;
				CLANG_WARN_ENUM_CONVERSION = YES;
				CLANG_WARN_INFINITE_RECURSION = YES;
				CLANG_WARN_INT_CONVERSION = YES;
				CLANG_WARN_NON_LITERAL_NULL_CONVERSION = YES;
				CLANG_WARN_OBJC_IMPLICIT_RETAIN_SELF = YES;
				CLANG_WARN_OBJC_LITERAL_CONVERSION = YES;
				CLANG_WARN_OBJC_ROOT_CLASS = YES_ERROR;
				CLANG_WARN_QUOTED_INCLUDE_IN_FRAMEWORK_HEADER = YES;
				CLANG_WARN_RANGE_LOOP_ANALYSIS = YES;
				CLANG_WARN_STRICT_PROTOTYPES = YES;
				CLANG_WARN_SUSPICIOUS_MOVE = YES;
				CLANG_WARN_UNGUARDED_AVAILABILITY = YES_AGGRESSIVE;
				CLANG_WARN_UNREACHABLE_CODE = YES;
				CLANG_WARN__DUPLICATE_METHOD_MATCH = YES;
				COPY_PHASE_STRIP = NO;
				DEBUG_INFORMATION_FORMAT = "dwarf-with-dsym";
				ENABLE_NS_ASSERTIONS = NO;
				ENABLE_STRICT_OBJC_MSGSEND = YES;
				GCC_C_LANGUAGE_STANDARD = gnu11;
				GCC_NO_COMMON_BLOCKS = YES;
				GCC_WARN_64_TO_32_BIT_CONVERSION = YES;
				GCC_WARN_ABOUT_RETURN_TYPE = YES_ERROR;
				GCC_WARN_UNDECLARED_SELECTOR = YES;
				GCC_WARN_UNINITIALIZED_AUTOS = YES_AGGRESSIVE;
				GCC_WARN_UNUSED_FUNCTION = YES;
				GCC_WARN_UNUSED_VARIABLE = YES;
				IPHONEOS_DEPLOYMENT_TARGET = 14.5;
				MTL_ENABLE_DEBUG_INFO = NO;
				MTL_FAST_MATH = YES;
				SDKROOT = iphoneos;
				SWIFT_COMPILATION_MODE = wholemodule;
				SWIFT_OPTIMIZATION_LEVEL = "-O";
				VALIDATE_PRODUCT = YES;
			};
			name = Release;
		};
		4B487C4726F4B14200098BF7 /* Debug */ = {
			isa = XCBuildConfiguration;
			buildSettings = {
				ASSETCATALOG_COMPILER_APPICON_NAME = AppIcon;
				ASSETCATALOG_COMPILER_GLOBAL_ACCENT_COLOR_NAME = AccentColor;
				CODE_SIGN_STYLE = Automatic;
				DEVELOPMENT_TEAM = 5AFH4CNN88;
				INFOPLIST_FILE = WeatherApp/Info.plist;
				IPHONEOS_DEPLOYMENT_TARGET = 13.0;
				LD_RUNPATH_SEARCH_PATHS = (
					"$(inherited)",
					"@executable_path/Frameworks",
				);
				PRODUCT_BUNDLE_IDENTIFIER = dariavarabei.WeatherApp;
				PRODUCT_NAME = "$(TARGET_NAME)";
				SWIFT_VERSION = 5.0;
				TARGETED_DEVICE_FAMILY = "1,2";
			};
			name = Debug;
		};
		4B487C4826F4B14200098BF7 /* Release */ = {
			isa = XCBuildConfiguration;
			buildSettings = {
				ASSETCATALOG_COMPILER_APPICON_NAME = AppIcon;
				ASSETCATALOG_COMPILER_GLOBAL_ACCENT_COLOR_NAME = AccentColor;
				CODE_SIGN_STYLE = Automatic;
				DEVELOPMENT_TEAM = 5AFH4CNN88;
				INFOPLIST_FILE = WeatherApp/Info.plist;
				IPHONEOS_DEPLOYMENT_TARGET = 13.0;
				LD_RUNPATH_SEARCH_PATHS = (
					"$(inherited)",
					"@executable_path/Frameworks",
				);
				PRODUCT_BUNDLE_IDENTIFIER = dariavarabei.WeatherApp;
				PRODUCT_NAME = "$(TARGET_NAME)";
				SWIFT_VERSION = 5.0;
				TARGETED_DEVICE_FAMILY = "1,2";
			};
			name = Release;
		};
/* End XCBuildConfiguration section */

/* Begin XCConfigurationList section */
		4B487C2A26F4B14200098BF7 /* Build configuration list for PBXProject "WeatherApp" */ = {
			isa = XCConfigurationList;
			buildConfigurations = (
				4B487C4426F4B14200098BF7 /* Debug */,
				4B487C4526F4B14200098BF7 /* Release */,
			);
			defaultConfigurationIsVisible = 0;
			defaultConfigurationName = Release;
		};
		4B487C4626F4B14200098BF7 /* Build configuration list for PBXNativeTarget "WeatherApp" */ = {
			isa = XCConfigurationList;
			buildConfigurations = (
				4B487C4726F4B14200098BF7 /* Debug */,
				4B487C4826F4B14200098BF7 /* Release */,
			);
			defaultConfigurationIsVisible = 0;
			defaultConfigurationName = Release;
		};
/* End XCConfigurationList section */

/* Begin XCVersionGroup section */
		4B487C3B26F4B14200098BF7 /* WeatherApp.xcdatamodeld */ = {
			isa = XCVersionGroup;
			children = (
				4B487C3C26F4B14200098BF7 /* WeatherApp.xcdatamodel */,
			);
			currentVersion = 4B487C3C26F4B14200098BF7 /* WeatherApp.xcdatamodel */;
			path = WeatherApp.xcdatamodeld;
			sourceTree = "<group>";
			versionGroupType = wrapper.xcdatamodel;
		};
/* End XCVersionGroup section */
	};
	rootObject = 4B487C2726F4B14200098BF7 /* Project object */;
}
